
Microsoft Visual Studio Solution File, Format Version 12.00
# Visual Studio 14
VisualStudioVersion = 14.0.24720.0
MinimumVisualStudioVersion = 10.0.40219.1
Project("{8BC9CEB8-8B4A-11D0-8D11-00A0C91BC942}") = "IControl", "IControl.vcxproj", "{16A965A5-41CB-4BEC-B4D6-17CA9633D02D}"
EndProject
Project("{8BC9CEB8-8B4A-11D0-8D11-00A0C91BC942}") = "Graphics", "Graphics\Graphics.vcxproj", "{8F0149BA-D87C-407B-8496-CC2FD52ED31D}"
EndProject
Project("{8BC9CEB8-8B4A-11D0-8D11-00A0C91BC942}") = "TextBox", "TextBox\TextBox.vcxproj", "{C1FB1738-DCAA-4E7B-A270-B6544324F3D9}"
EndProject
Project("{8BC9CEB8-8B4A-11D0-8D11-00A0C91BC942}") = "Label", "Label\Label.vcxproj", "{9D359601-41FE-4EBC-8968-D3FEC4B2C36C}"
EndProject
Project("{8BC9CEB8-8B4A-11D0-8D11-00A0C91BC942}") = "ComboBox", "ComboBox\ComboBox.vcxproj", "{AE31EA4C-4F13-4CAD-808B-31F8C58155F2}"
EndProject
Project("{8BC9CEB8-8B4A-11D0-8D11-00A0C91BC942}") = "CheckList", "CheckList\CheckList.vcxproj", "{F70E9C9C-61DE-442E-991B-708D6E9AD4E2}"
EndProject
Project("{8BC9CEB8-8B4A-11D0-8D11-00A0C91BC942}") = "RadioList", "RadioList\RadioList.vcxproj", "{1B156536-7BFB-4775-B832-1DA2CC619B60}"
EndProject
Project("{8BC9CEB8-8B4A-11D0-8D11-00A0C91BC942}") = "EventEngine", "EventEngine\EventEngine.vcxproj", "{9A5AAD20-EF05-427C-9165-74B5B367068D}"
EndProject
Project("{8BC9CEB8-8B4A-11D0-8D11-00A0C91BC942}") = "Container", "Container\Container.vcxproj", "{3435F60E-9625-4281-8CFE-F8EE3785FCB9}"
EndProject
Project("{8BC9CEB8-8B4A-11D0-8D11-00A0C91BC942}") = "Panel", "Panel\Panel.vcxproj", "{565B4E78-5049-4951-9715-6C9115D8C4CA}"
EndProject
Project("{8BC9CEB8-8B4A-11D0-8D11-00A0C91BC942}") = "Button", "Button\Button.vcxproj", "{A1050E6D-C006-4064-9ADA-9C1E191F6BA7}"
EndProject
Project("{8BC9CEB8-8B4A-11D0-8D11-00A0C91BC942}") = "NumericBox", "NumericBox\NumericBox.vcxproj", "{15EC6C23-5AA9-4C4A-811F-6340D44EE8FB}"
EndProject
Project("{8BC9CEB8-8B4A-11D0-8D11-00A0C91BC942}") = "MessageBox", "MessageBox\MessageBox.vcxproj", "{329D22C3-D5B3-4700-98E1-802911714E3F}"
EndProject
Global
	GlobalSection(SolutionConfigurationPlatforms) = preSolution
		Debug|x64 = Debug|x64
		Debug|x86 = Debug|x86
		Release|x64 = Release|x64
		Release|x86 = Release|x86
	EndGlobalSection
	GlobalSection(ProjectConfigurationPlatforms) = postSolution
		{16A965A5-41CB-4BEC-B4D6-17CA9633D02D}.Debug|x64.ActiveCfg = Debug|x64
		{16A965A5-41CB-4BEC-B4D6-17CA9633D02D}.Debug|x64.Build.0 = Debug|x64
		{16A965A5-41CB-4BEC-B4D6-17CA9633D02D}.Debug|x86.ActiveCfg = Debug|Win32
		{16A965A5-41CB-4BEC-B4D6-17CA9633D02D}.Debug|x86.Build.0 = Debug|Win32
		{16A965A5-41CB-4BEC-B4D6-17CA9633D02D}.Release|x64.ActiveCfg = Release|x64
		{16A965A5-41CB-4BEC-B4D6-17CA9633D02D}.Release|x64.Build.0 = Release|x64
		{16A965A5-41CB-4BEC-B4D6-17CA9633D02D}.Release|x86.ActiveCfg = Release|Win32
		{16A965A5-41CB-4BEC-B4D6-17CA9633D02D}.Release|x86.Build.0 = Release|Win32
		{16A965A5-41CB-4BEC-B4D6-17CA9633D02D}.Release|x86.Deploy.0 = Release|Win32
		{8F0149BA-D87C-407B-8496-CC2FD52ED31D}.Debug|x64.ActiveCfg = Debug|x64
		{8F0149BA-D87C-407B-8496-CC2FD52ED31D}.Debug|x64.Build.0 = Debug|x64
		{8F0149BA-D87C-407B-8496-CC2FD52ED31D}.Debug|x86.ActiveCfg = Debug|Win32
		{8F0149BA-D87C-407B-8496-CC2FD52ED31D}.Debug|x86.Build.0 = Debug|Win32
		{8F0149BA-D87C-407B-8496-CC2FD52ED31D}.Release|x64.ActiveCfg = Release|x64
		{8F0149BA-D87C-407B-8496-CC2FD52ED31D}.Release|x64.Build.0 = Release|x64
		{8F0149BA-D87C-407B-8496-CC2FD52ED31D}.Release|x86.ActiveCfg = Release|Win32
		{8F0149BA-D87C-407B-8496-CC2FD52ED31D}.Release|x86.Build.0 = Release|Win32
		{C1FB1738-DCAA-4E7B-A270-B6544324F3D9}.Debug|x64.ActiveCfg = Debug|x64
		{C1FB1738-DCAA-4E7B-A270-B6544324F3D9}.Debug|x64.Build.0 = Debug|x64
		{C1FB1738-DCAA-4E7B-A270-B6544324F3D9}.Debug|x86.ActiveCfg = Debug|Win32
		{C1FB1738-DCAA-4E7B-A270-B6544324F3D9}.Debug|x86.Build.0 = Debug|Win32
		{C1FB1738-DCAA-4E7B-A270-B6544324F3D9}.Release|x64.ActiveCfg = Release|x64
		{C1FB1738-DCAA-4E7B-A270-B6544324F3D9}.Release|x64.Build.0 = Release|x64
		{C1FB1738-DCAA-4E7B-A270-B6544324F3D9}.Release|x86.ActiveCfg = Release|Win32
		{C1FB1738-DCAA-4E7B-A270-B6544324F3D9}.Release|x86.Build.0 = Release|Win32
		{9D359601-41FE-4EBC-8968-D3FEC4B2C36C}.Debug|x64.ActiveCfg = Debug|x64
		{9D359601-41FE-4EBC-8968-D3FEC4B2C36C}.Debug|x64.Build.0 = Debug|x64
		{9D359601-41FE-4EBC-8968-D3FEC4B2C36C}.Debug|x86.ActiveCfg = Debug|Win32
		{9D359601-41FE-4EBC-8968-D3FEC4B2C36C}.Debug|x86.Build.0 = Debug|Win32
		{9D359601-41FE-4EBC-8968-D3FEC4B2C36C}.Release|x64.ActiveCfg = Release|x64
		{9D359601-41FE-4EBC-8968-D3FEC4B2C36C}.Release|x64.Build.0 = Release|x64
		{9D359601-41FE-4EBC-8968-D3FEC4B2C36C}.Release|x86.ActiveCfg = Release|Win32
		{9D359601-41FE-4EBC-8968-D3FEC4B2C36C}.Release|x86.Build.0 = Release|Win32
		{AE31EA4C-4F13-4CAD-808B-31F8C58155F2}.Debug|x64.ActiveCfg = Debug|x64
		{AE31EA4C-4F13-4CAD-808B-31F8C58155F2}.Debug|x64.Build.0 = Debug|x64
		{AE31EA4C-4F13-4CAD-808B-31F8C58155F2}.Debug|x86.ActiveCfg = Debug|Win32
		{AE31EA4C-4F13-4CAD-808B-31F8C58155F2}.Debug|x86.Build.0 = Debug|Win32
		{AE31EA4C-4F13-4CAD-808B-31F8C58155F2}.Release|x64.ActiveCfg = Release|x64
		{AE31EA4C-4F13-4CAD-808B-31F8C58155F2}.Release|x64.Build.0 = Release|x64
		{AE31EA4C-4F13-4CAD-808B-31F8C58155F2}.Release|x86.ActiveCfg = Release|Win32
		{AE31EA4C-4F13-4CAD-808B-31F8C58155F2}.Release|x86.Build.0 = Release|Win32
		{F70E9C9C-61DE-442E-991B-708D6E9AD4E2}.Debug|x64.ActiveCfg = Debug|x64
		{F70E9C9C-61DE-442E-991B-708D6E9AD4E2}.Debug|x64.Build.0 = Debug|x64
		{F70E9C9C-61DE-442E-991B-708D6E9AD4E2}.Debug|x86.ActiveCfg = Debug|Win32
		{F70E9C9C-61DE-442E-991B-708D6E9AD4E2}.Debug|x86.Build.0 = Debug|Win32
		{F70E9C9C-61DE-442E-991B-708D6E9AD4E2}.Release|x64.ActiveCfg = Release|x64
		{F70E9C9C-61DE-442E-991B-708D6E9AD4E2}.Release|x64.Build.0 = Release|x64
		{F70E9C9C-61DE-442E-991B-708D6E9AD4E2}.Release|x86.ActiveCfg = Release|Win32
		{F70E9C9C-61DE-442E-991B-708D6E9AD4E2}.Release|x86.Build.0 = Release|Win32
		{1B156536-7BFB-4775-B832-1DA2CC619B60}.Debug|x64.ActiveCfg = Debug|x64
		{1B156536-7BFB-4775-B832-1DA2CC619B60}.Debug|x64.Build.0 = Debug|x64
		{1B156536-7BFB-4775-B832-1DA2CC619B60}.Debug|x86.ActiveCfg = Debug|Win32
		{1B156536-7BFB-4775-B832-1DA2CC619B60}.Debug|x86.Build.0 = Debug|Win32
		{1B156536-7BFB-4775-B832-1DA2CC619B60}.Release|x64.ActiveCfg = Release|x64
		{1B156536-7BFB-4775-B832-1DA2CC619B60}.Release|x64.Build.0 = Release|x64
		{1B156536-7BFB-4775-B832-1DA2CC619B60}.Release|x86.ActiveCfg = Release|Win32
		{1B156536-7BFB-4775-B832-1DA2CC619B60}.Release|x86.Build.0 = Release|Win32
		{9A5AAD20-EF05-427C-9165-74B5B367068D}.Debug|x64.ActiveCfg = Debug|x64
		{9A5AAD20-EF05-427C-9165-74B5B367068D}.Debug|x64.Build.0 = Debug|x64
		{9A5AAD20-EF05-427C-9165-74B5B367068D}.Debug|x86.ActiveCfg = Debug|Win32
		{9A5AAD20-EF05-427C-9165-74B5B367068D}.Debug|x86.Build.0 = Debug|Win32
		{9A5AAD20-EF05-427C-9165-74B5B367068D}.Release|x64.ActiveCfg = Release|x64
		{9A5AAD20-EF05-427C-9165-74B5B367068D}.Release|x64.Build.0 = Release|x64
		{9A5AAD20-EF05-427C-9165-74B5B367068D}.Release|x86.ActiveCfg = Release|Win32
		{9A5AAD20-EF05-427C-9165-74B5B367068D}.Release|x86.Build.0 = Release|Win32
		{3435F60E-9625-4281-8CFE-F8EE3785FCB9}.Debug|x64.ActiveCfg = Debug|x64
		{3435F60E-9625-4281-8CFE-F8EE3785FCB9}.Debug|x64.Build.0 = Debug|x64
		{3435F60E-9625-4281-8CFE-F8EE3785FCB9}.Debug|x86.ActiveCfg = Debug|Win32
		{3435F60E-9625-4281-8CFE-F8EE3785FCB9}.Debug|x86.Build.0 = Debug|Win32
		{3435F60E-9625-4281-8CFE-F8EE3785FCB9}.Release|x64.ActiveCfg = Release|x64
		{3435F60E-9625-4281-8CFE-F8EE3785FCB9}.Release|x64.Build.0 = Release|x64
		{3435F60E-9625-4281-8CFE-F8EE3785FCB9}.Release|x86.ActiveCfg = Release|Win32
		{3435F60E-9625-4281-8CFE-F8EE3785FCB9}.Release|x86.Build.0 = Release|Win32
		{565B4E78-5049-4951-9715-6C9115D8C4CA}.Debug|x64.ActiveCfg = Debug|x64
		{565B4E78-5049-4951-9715-6C9115D8C4CA}.Debug|x64.Build.0 = Debug|x64
		{565B4E78-5049-4951-9715-6C9115D8C4CA}.Debug|x86.ActiveCfg = Debug|Win32
		{565B4E78-5049-4951-9715-6C9115D8C4CA}.Debug|x86.Build.0 = Debug|Win32
		{565B4E78-5049-4951-9715-6C9115D8C4CA}.Release|x64.ActiveCfg = Release|x64
		{565B4E78-5049-4951-9715-6C9115D8C4CA}.Release|x64.Build.0 = Release|x64
		{565B4E78-5049-4951-9715-6C9115D8C4CA}.Release|x86.ActiveCfg = Release|Win32
		{565B4E78-5049-4951-9715-6C9115D8C4CA}.Release|x86.Build.0 = Release|Win32
		{A1050E6D-C006-4064-9ADA-9C1E191F6BA7}.Debug|x64.ActiveCfg = Debug|x64
		{A1050E6D-C006-4064-9ADA-9C1E191F6BA7}.Debug|x64.Build.0 = Debug|x64
		{A1050E6D-C006-4064-9ADA-9C1E191F6BA7}.Debug|x86.ActiveCfg = Debug|Win32
		{A1050E6D-C006-4064-9ADA-9C1E191F6BA7}.Debug|x86.Build.0 = Debug|Win32
		{A1050E6D-C006-4064-9ADA-9C1E191F6BA7}.Release|x64.ActiveCfg = Release|x64
		{A1050E6D-C006-4064-9ADA-9C1E191F6BA7}.Release|x64.Build.0 = Release|x64
		{A1050E6D-C006-4064-9ADA-9C1E191F6BA7}.Release|x86.ActiveCfg = Release|Win32
		{A1050E6D-C006-4064-9ADA-9C1E191F6BA7}.Release|x86.Build.0 = Release|Win32
		{15EC6C23-5AA9-4C4A-811F-6340D44EE8FB}.Debug|x64.ActiveCfg = Debug|x64
		{15EC6C23-5AA9-4C4A-811F-6340D44EE8FB}.Debug|x64.Build.0 = Debug|x64
		{15EC6C23-5AA9-4C4A-811F-6340D44EE8FB}.Debug|x86.ActiveCfg = Debug|Win32
		{15EC6C23-5AA9-4C4A-811F-6340D44EE8FB}.Debug|x86.Build.0 = Debug|Win32
		{15EC6C23-5AA9-4C4A-811F-6340D44EE8FB}.Release|x64.ActiveCfg = Release|x64
		{15EC6C23-5AA9-4C4A-811F-6340D44EE8FB}.Release|x64.Build.0 = Release|x64
		{15EC6C23-5AA9-4C4A-811F-6340D44EE8FB}.Release|x86.ActiveCfg = Release|Win32
		{15EC6C23-5AA9-4C4A-811F-6340D44EE8FB}.Release|x86.Build.0 = Release|Win32
		{15EC6C23-5AA9-4C4A-811F-6340D44EE8FB}.Release|x86.Deploy.0 = Release|Win32
		{329D22C3-D5B3-4700-98E1-802911714E3F}.Debug|x64.ActiveCfg = Debug|x64
		{329D22C3-D5B3-4700-98E1-802911714E3F}.Debug|x64.Build.0 = Debug|x64
		{329D22C3-D5B3-4700-98E1-802911714E3F}.Debug|x86.ActiveCfg = Debug|Win32
		{329D22C3-D5B3-4700-98E1-802911714E3F}.Debug|x86.Build.0 = Debug|Win32
		{329D22C3-D5B3-4700-98E1-802911714E3F}.Release|x64.ActiveCfg = Release|x64
		{329D22C3-D5B3-4700-98E1-802911714E3F}.Release|x64.Build.0 = Release|x64
		{329D22C3-D5B3-4700-98E1-802911714E3F}.Release|x86.ActiveCfg = Release|Win32
		{329D22C3-D5B3-4700-98E1-802911714E3F}.Release|x86.Build.0 = Release|Win32
	EndGlobalSection
	GlobalSection(SolutionProperties) = preSolution
		HideSolutionNode = FALSE
	EndGlobalSection
EndGlobal
